Microsoft Visual Studio Solution File, Format Version 12.00
# Visual Studio Version 17
VisualStudioVersion = 17.13.35828.75
MinimumVisualStudioVersion = 10.0.40219.1
Project("{FAE04EC0-301F-11D3-BF4B-00C04F79EFBC}") = "LexiconEx2", "LexiconEx2.csproj", "{F83AF8A5-0EF1-4A3F-B79B-F01ABCF23261}"
EndProject
Global
	GlobalSection(SolutionConfigurationPlatforms) = preSolution
		Debug|Any CPU = Debug|Any CPU
		Release|Any CPU = Release|Any CPU
	EndGlobalSection
	GlobalSection(ProjectConfigurationPlatforms) = postSolution
		{F83AF8A5-0EF1-4A3F-B79B-F01ABCF23261}.Debug|Any CPU.ActiveCfg = Debug|Any CPU
		{F83AF8A5-0EF1-4A3F-B79B-F01ABCF23261}.Debug|Any CPU.Build.0 = Debug|Any CPU
		{F83AF8A5-0EF1-4A3F-B79B-F01ABCF23261}.Release|Any CPU.ActiveCfg = Release|Any CPU
		{F83AF8A5-0EF1-4A3F-B79B-F01ABCF23261}.Release|Any CPU.Build.0 = Release|Any CPU
	EndGlobalSection
	GlobalSection(SolutionProperties) = preSolution
		HideSolutionNode = FALSE
	EndGlobalSection
	GlobalSection(ExtensibilityGlobals) = postSolution
		SolutionGuid = {126BAB83-3750-4033-8E2B-CD0C575627CB}
	EndGlobalSection
EndGlobal
